<?xml version="1.0" encoding="UTF-8"?>
<CodeBlocks_project_file>
	<FileVersion major="1" minor="6"/>
	<Project>
		<Option title="lego_example"/>
		<Option makefile_is_custom="1"/>
		<Option compiler="gcc"/>
		<Option virtualFolders="CMake Files\;CMake Files\..\;"/>
		<Build>
			<Target title="all">
				<Option working_dir="/home/sergey/Programming/C/my_projects/libs/lego/example"/>
				<Option type="4"/>
				<MakeCommands>
					<Build command="/usr/bin/make -j4 -f &quot;/home/sergey/Programming/C/my_projects/libs/lego/example/Makefile&quot;  VERBOSE=1 all"/>
					<CompileFile command="/usr/bin/make -j4 -f &quot;/home/sergey/Programming/C/my_projects/libs/lego/example/Makefile&quot;  VERBOSE=1 &quot;$file&quot;"/>
					<Clean command="/usr/bin/make -j4 -f &quot;/home/sergey/Programming/C/my_projects/libs/lego/example/Makefile&quot;  VERBOSE=1 clean"/>
					<DistClean command="/usr/bin/make -j4 -f &quot;/home/sergey/Programming/C/my_projects/libs/lego/example/Makefile&quot;  VERBOSE=1 clean"/>
				</MakeCommands>
			</Target>
			<Target title="rebuild_cache">
				<Option working_dir="/home/sergey/Programming/C/my_projects/libs/lego/example"/>
				<Option type="4"/>
				<MakeCommands>
					<Build command="/usr/bin/make -j4 -f &quot;/home/sergey/Programming/C/my_projects/libs/lego/example/Makefile&quot;  VERBOSE=1 rebuild_cache"/>
					<CompileFile command="/usr/bin/make -j4 -f &quot;/home/sergey/Programming/C/my_projects/libs/lego/example/Makefile&quot;  VERBOSE=1 &quot;$file&quot;"/>
					<Clean command="/usr/bin/make -j4 -f &quot;/home/sergey/Programming/C/my_projects/libs/lego/example/Makefile&quot;  VERBOSE=1 clean"/>
					<DistClean command="/usr/bin/make -j4 -f &quot;/home/sergey/Programming/C/my_projects/libs/lego/example/Makefile&quot;  VERBOSE=1 clean"/>
				</MakeCommands>
			</Target>
			<Target title="edit_cache">
				<Option working_dir="/home/sergey/Programming/C/my_projects/libs/lego/example"/>
				<Option type="4"/>
				<MakeCommands>
					<Build command="/usr/bin/make -j4 -f &quot;/home/sergey/Programming/C/my_projects/libs/lego/example/Makefile&quot;  VERBOSE=1 edit_cache"/>
					<CompileFile command="/usr/bin/make -j4 -f &quot;/home/sergey/Programming/C/my_projects/libs/lego/example/Makefile&quot;  VERBOSE=1 &quot;$file&quot;"/>
					<Clean command="/usr/bin/make -j4 -f &quot;/home/sergey/Programming/C/my_projects/libs/lego/example/Makefile&quot;  VERBOSE=1 clean"/>
					<DistClean command="/usr/bin/make -j4 -f &quot;/home/sergey/Programming/C/my_projects/libs/lego/example/Makefile&quot;  VERBOSE=1 clean"/>
				</MakeCommands>
			</Target>
			<Target title="lego_example">
				<Option output="/home/sergey/Programming/C/my_projects/libs/lego/example/lego_example" prefix_auto="0" extension_auto="0"/>
				<Option working_dir="/home/sergey/Programming/C/my_projects/libs/lego/example"/>
				<Option object_output="./"/>
				<Option type="1"/>
				<Option compiler="gcc"/>
				<Compiler>
					<Add directory="/home/sergey/Programming/C/my_projects/libs/lego/example/../src"/>
					<Add directory="/home/sergey/Programming/C/my_projects/libs/lego/example/../include"/>
					<Add directory="/home/sergey/Programming/C/my_projects/libs/lego"/>
					<Add directory="/usr/lib/gcc/x86_64-linux-gnu/9/include"/>
					<Add directory="/usr/local/include"/>
					<Add directory="/usr/include/x86_64-linux-gnu"/>
					<Add directory="/usr/include"/>
				</Compiler>
				<MakeCommands>
					<Build command="/usr/bin/make -j4 -f &quot;/home/sergey/Programming/C/my_projects/libs/lego/example/Makefile&quot;  VERBOSE=1 lego_example"/>
					<CompileFile command="/usr/bin/make -j4 -f &quot;/home/sergey/Programming/C/my_projects/libs/lego/example/Makefile&quot;  VERBOSE=1 &quot;$file&quot;"/>
					<Clean command="/usr/bin/make -j4 -f &quot;/home/sergey/Programming/C/my_projects/libs/lego/example/Makefile&quot;  VERBOSE=1 clean"/>
					<DistClean command="/usr/bin/make -j4 -f &quot;/home/sergey/Programming/C/my_projects/libs/lego/example/Makefile&quot;  VERBOSE=1 clean"/>
				</MakeCommands>
			</Target>
			<Target title="lego_example/fast">
				<Option output="/home/sergey/Programming/C/my_projects/libs/lego/example/lego_example" prefix_auto="0" extension_auto="0"/>
				<Option working_dir="/home/sergey/Programming/C/my_projects/libs/lego/example"/>
				<Option object_output="./"/>
				<Option type="1"/>
				<Option compiler="gcc"/>
				<Compiler>
					<Add directory="/home/sergey/Programming/C/my_projects/libs/lego/example/../src"/>
					<Add directory="/home/sergey/Programming/C/my_projects/libs/lego/example/../include"/>
					<Add directory="/home/sergey/Programming/C/my_projects/libs/lego"/>
					<Add directory="/usr/lib/gcc/x86_64-linux-gnu/9/include"/>
					<Add directory="/usr/local/include"/>
					<Add directory="/usr/include/x86_64-linux-gnu"/>
					<Add directory="/usr/include"/>
				</Compiler>
				<MakeCommands>
					<Build command="/usr/bin/make -j4 -f &quot;/home/sergey/Programming/C/my_projects/libs/lego/example/Makefile&quot;  VERBOSE=1 lego_example/fast"/>
					<CompileFile command="/usr/bin/make -j4 -f &quot;/home/sergey/Programming/C/my_projects/libs/lego/example/Makefile&quot;  VERBOSE=1 &quot;$file&quot;"/>
					<Clean command="/usr/bin/make -j4 -f &quot;/home/sergey/Programming/C/my_projects/libs/lego/example/Makefile&quot;  VERBOSE=1 clean"/>
					<DistClean command="/usr/bin/make -j4 -f &quot;/home/sergey/Programming/C/my_projects/libs/lego/example/Makefile&quot;  VERBOSE=1 clean"/>
				</MakeCommands>
			</Target>
			<Target title="parser_test">
				<Option output="/home/sergey/Programming/C/my_projects/libs/lego/example/build/parser_test" prefix_auto="0" extension_auto="0"/>
				<Option working_dir="/home/sergey/Programming/C/my_projects/libs/lego/example/build"/>
				<Option object_output="./"/>
				<Option type="1"/>
				<Option compiler="gcc"/>
				<Compiler>
					<Add directory="/home/sergey/Programming/C/my_projects/libs/lego/include"/>
					<Add directory="/home/sergey/Programming/C/my_projects/libs/lego/src"/>
					<Add directory="/home/sergey/Programming/C/my_projects/libs/lego"/>
					<Add directory="/usr/lib/gcc/x86_64-linux-gnu/9/include"/>
					<Add directory="/usr/local/include"/>
					<Add directory="/usr/include/x86_64-linux-gnu"/>
					<Add directory="/usr/include"/>
				</Compiler>
				<MakeCommands>
					<Build command="/usr/bin/make -j4 -f &quot;/home/sergey/Programming/C/my_projects/libs/lego/example/build/Makefile&quot;  VERBOSE=1 parser_test"/>
					<CompileFile command="/usr/bin/make -j4 -f &quot;/home/sergey/Programming/C/my_projects/libs/lego/example/build/Makefile&quot;  VERBOSE=1 &quot;$file&quot;"/>
					<Clean command="/usr/bin/make -j4 -f &quot;/home/sergey/Programming/C/my_projects/libs/lego/example/build/Makefile&quot;  VERBOSE=1 clean"/>
					<DistClean command="/usr/bin/make -j4 -f &quot;/home/sergey/Programming/C/my_projects/libs/lego/example/build/Makefile&quot;  VERBOSE=1 clean"/>
				</MakeCommands>
			</Target>
			<Target title="parser_test/fast">
				<Option output="/home/sergey/Programming/C/my_projects/libs/lego/example/build/parser_test" prefix_auto="0" extension_auto="0"/>
				<Option working_dir="/home/sergey/Programming/C/my_projects/libs/lego/example/build"/>
				<Option object_output="./"/>
				<Option type="1"/>
				<Option compiler="gcc"/>
				<Compiler>
					<Add directory="/home/sergey/Programming/C/my_projects/libs/lego/include"/>
					<Add directory="/home/sergey/Programming/C/my_projects/libs/lego/src"/>
					<Add directory="/home/sergey/Programming/C/my_projects/libs/lego"/>
					<Add directory="/usr/lib/gcc/x86_64-linux-gnu/9/include"/>
					<Add directory="/usr/local/include"/>
					<Add directory="/usr/include/x86_64-linux-gnu"/>
					<Add directory="/usr/include"/>
				</Compiler>
				<MakeCommands>
					<Build command="/usr/bin/make -j4 -f &quot;/home/sergey/Programming/C/my_projects/libs/lego/example/build/Makefile&quot;  VERBOSE=1 parser_test/fast"/>
					<CompileFile command="/usr/bin/make -j4 -f &quot;/home/sergey/Programming/C/my_projects/libs/lego/example/build/Makefile&quot;  VERBOSE=1 &quot;$file&quot;"/>
					<Clean command="/usr/bin/make -j4 -f &quot;/home/sergey/Programming/C/my_projects/libs/lego/example/build/Makefile&quot;  VERBOSE=1 clean"/>
					<DistClean command="/usr/bin/make -j4 -f &quot;/home/sergey/Programming/C/my_projects/libs/lego/example/build/Makefile&quot;  VERBOSE=1 clean"/>
				</MakeCommands>
			</Target>
			<Target title="selector_test">
				<Option output="/home/sergey/Programming/C/my_projects/libs/lego/example/build/selector_test" prefix_auto="0" extension_auto="0"/>
				<Option working_dir="/home/sergey/Programming/C/my_projects/libs/lego/example/build"/>
				<Option object_output="./"/>
				<Option type="1"/>
				<Option compiler="gcc"/>
				<Compiler>
					<Add directory="/home/sergey/Programming/C/my_projects/libs/lego/include"/>
					<Add directory="/home/sergey/Programming/C/my_projects/libs/lego/src"/>
					<Add directory="/home/sergey/Programming/C/my_projects/libs/lego"/>
					<Add directory="/usr/lib/gcc/x86_64-linux-gnu/9/include"/>
					<Add directory="/usr/local/include"/>
					<Add directory="/usr/include/x86_64-linux-gnu"/>
					<Add directory="/usr/include"/>
				</Compiler>
				<MakeCommands>
					<Build command="/usr/bin/make -j4 -f &quot;/home/sergey/Programming/C/my_projects/libs/lego/example/build/Makefile&quot;  VERBOSE=1 selector_test"/>
					<CompileFile command="/usr/bin/make -j4 -f &quot;/home/sergey/Programming/C/my_projects/libs/lego/example/build/Makefile&quot;  VERBOSE=1 &quot;$file&quot;"/>
					<Clean command="/usr/bin/make -j4 -f &quot;/home/sergey/Programming/C/my_projects/libs/lego/example/build/Makefile&quot;  VERBOSE=1 clean"/>
					<DistClean command="/usr/bin/make -j4 -f &quot;/home/sergey/Programming/C/my_projects/libs/lego/example/build/Makefile&quot;  VERBOSE=1 clean"/>
				</MakeCommands>
			</Target>
			<Target title="selector_test/fast">
				<Option output="/home/sergey/Programming/C/my_projects/libs/lego/example/build/selector_test" prefix_auto="0" extension_auto="0"/>
				<Option working_dir="/home/sergey/Programming/C/my_projects/libs/lego/example/build"/>
				<Option object_output="./"/>
				<Option type="1"/>
				<Option compiler="gcc"/>
				<Compiler>
					<Add directory="/home/sergey/Programming/C/my_projects/libs/lego/include"/>
					<Add directory="/home/sergey/Programming/C/my_projects/libs/lego/src"/>
					<Add directory="/home/sergey/Programming/C/my_projects/libs/lego"/>
					<Add directory="/usr/lib/gcc/x86_64-linux-gnu/9/include"/>
					<Add directory="/usr/local/include"/>
					<Add directory="/usr/include/x86_64-linux-gnu"/>
					<Add directory="/usr/include"/>
				</Compiler>
				<MakeCommands>
					<Build command="/usr/bin/make -j4 -f &quot;/home/sergey/Programming/C/my_projects/libs/lego/example/build/Makefile&quot;  VERBOSE=1 selector_test/fast"/>
					<CompileFile command="/usr/bin/make -j4 -f &quot;/home/sergey/Programming/C/my_projects/libs/lego/example/build/Makefile&quot;  VERBOSE=1 &quot;$file&quot;"/>
					<Clean command="/usr/bin/make -j4 -f &quot;/home/sergey/Programming/C/my_projects/libs/lego/example/build/Makefile&quot;  VERBOSE=1 clean"/>
					<DistClean command="/usr/bin/make -j4 -f &quot;/home/sergey/Programming/C/my_projects/libs/lego/example/build/Makefile&quot;  VERBOSE=1 clean"/>
				</MakeCommands>
			</Target>
			<Target title="lego">
				<Option output="/home/sergey/Programming/C/my_projects/libs/lego/example/build/liblego.a" prefix_auto="0" extension_auto="0"/>
				<Option working_dir="/home/sergey/Programming/C/my_projects/libs/lego/example/build"/>
				<Option object_output="./"/>
				<Option type="2"/>
				<Option compiler="gcc"/>
				<Compiler>
					<Add directory="/home/sergey/Programming/C/my_projects/libs/lego/include"/>
					<Add directory="/home/sergey/Programming/C/my_projects/libs/lego/src"/>
					<Add directory="/home/sergey/Programming/C/my_projects/libs/lego"/>
					<Add directory="/usr/lib/gcc/x86_64-linux-gnu/9/include"/>
					<Add directory="/usr/local/include"/>
					<Add directory="/usr/include/x86_64-linux-gnu"/>
					<Add directory="/usr/include"/>
				</Compiler>
				<MakeCommands>
					<Build command="/usr/bin/make -j4 -f &quot;/home/sergey/Programming/C/my_projects/libs/lego/example/build/Makefile&quot;  VERBOSE=1 lego"/>
					<CompileFile command="/usr/bin/make -j4 -f &quot;/home/sergey/Programming/C/my_projects/libs/lego/example/build/Makefile&quot;  VERBOSE=1 &quot;$file&quot;"/>
					<Clean command="/usr/bin/make -j4 -f &quot;/home/sergey/Programming/C/my_projects/libs/lego/example/build/Makefile&quot;  VERBOSE=1 clean"/>
					<DistClean command="/usr/bin/make -j4 -f &quot;/home/sergey/Programming/C/my_projects/libs/lego/example/build/Makefile&quot;  VERBOSE=1 clean"/>
				</MakeCommands>
			</Target>
			<Target title="lego/fast">
				<Option output="/home/sergey/Programming/C/my_projects/libs/lego/example/build/liblego.a" prefix_auto="0" extension_auto="0"/>
				<Option working_dir="/home/sergey/Programming/C/my_projects/libs/lego/example/build"/>
				<Option object_output="./"/>
				<Option type="2"/>
				<Option compiler="gcc"/>
				<Compiler>
					<Add directory="/home/sergey/Programming/C/my_projects/libs/lego/include"/>
					<Add directory="/home/sergey/Programming/C/my_projects/libs/lego/src"/>
					<Add directory="/home/sergey/Programming/C/my_projects/libs/lego"/>
					<Add directory="/usr/lib/gcc/x86_64-linux-gnu/9/include"/>
					<Add directory="/usr/local/include"/>
					<Add directory="/usr/include/x86_64-linux-gnu"/>
					<Add directory="/usr/include"/>
				</Compiler>
				<MakeCommands>
					<Build command="/usr/bin/make -j4 -f &quot;/home/sergey/Programming/C/my_projects/libs/lego/example/build/Makefile&quot;  VERBOSE=1 lego/fast"/>
					<CompileFile command="/usr/bin/make -j4 -f &quot;/home/sergey/Programming/C/my_projects/libs/lego/example/build/Makefile&quot;  VERBOSE=1 &quot;$file&quot;"/>
					<Clean command="/usr/bin/make -j4 -f &quot;/home/sergey/Programming/C/my_projects/libs/lego/example/build/Makefile&quot;  VERBOSE=1 clean"/>
					<DistClean command="/usr/bin/make -j4 -f &quot;/home/sergey/Programming/C/my_projects/libs/lego/example/build/Makefile&quot;  VERBOSE=1 clean"/>
				</MakeCommands>
			</Target>
		</Build>
		<Unit filename="/home/sergey/Programming/C/my_projects/libs/lego/example/main.c">
			<Option target="lego_example"/>
		</Unit>
		<Unit filename="/home/sergey/Programming/C/my_projects/libs/lego/include/lego.h">
			<Option target="parser_test"/>
			<Option target="selector_test"/>
			<Option target="lego"/>
		</Unit>
		<Unit filename="/home/sergey/Programming/C/my_projects/libs/lego/include/parser_error.h">
			<Option target="parser_test"/>
			<Option target="selector_test"/>
			<Option target="lego"/>
		</Unit>
		<Unit filename="/home/sergey/Programming/C/my_projects/libs/lego/include/util/slist.h">
			<Option target="parser_test"/>
			<Option target="selector_test"/>
			<Option target="lego"/>
		</Unit>
		<Unit filename="/home/sergey/Programming/C/my_projects/libs/lego/src/parser.c">
			<Option target="parser_test"/>
			<Option target="selector_test"/>
			<Option target="lego"/>
		</Unit>
		<Unit filename="/home/sergey/Programming/C/my_projects/libs/lego/src/parser.h">
			<Option target="parser_test"/>
			<Option target="selector_test"/>
			<Option target="lego"/>
		</Unit>
		<Unit filename="/home/sergey/Programming/C/my_projects/libs/lego/src/selector.c">
			<Option target="parser_test"/>
			<Option target="selector_test"/>
			<Option target="lego"/>
		</Unit>
		<Unit filename="/home/sergey/Programming/C/my_projects/libs/lego/src/selector.h">
			<Option target="parser_test"/>
			<Option target="selector_test"/>
			<Option target="lego"/>
		</Unit>
		<Unit filename="/home/sergey/Programming/C/my_projects/libs/lego/src/tests/parser_test.c">
			<Option target="parser_test"/>
		</Unit>
		<Unit filename="/home/sergey/Programming/C/my_projects/libs/lego/src/tests/selector_test.c">
			<Option target="selector_test"/>
		</Unit>
		<Unit filename="/home/sergey/Programming/C/my_projects/libs/lego/src/util/dynamic_string.c">
			<Option target="parser_test"/>
			<Option target="selector_test"/>
			<Option target="lego"/>
		</Unit>
		<Unit filename="/home/sergey/Programming/C/my_projects/libs/lego/src/util/dynamic_string.h">
			<Option target="parser_test"/>
			<Option target="selector_test"/>
			<Option target="lego"/>
		</Unit>
		<Unit filename="/home/sergey/Programming/C/my_projects/libs/lego/src/util/slist.c">
			<Option target="parser_test"/>
			<Option target="selector_test"/>
			<Option target="lego"/>
		</Unit>
		<Unit filename="/home/sergey/Programming/C/my_projects/libs/lego/example/CMakeLists.txt">
			<Option virtualFolder="CMake Files\"/>
		</Unit>
		<Unit filename="/home/sergey/Programming/C/my_projects/libs/lego/example/../CMakeLists.txt">
			<Option virtualFolder="CMake Files\..\"/>
		</Unit>
	</Project>
</CodeBlocks_project_file>
