<?xml version="1.0" encoding="UTF-8"?>
<CodeBlocks_project_file>
	<FileVersion major="1" minor="6"/>
	<Project>
		<Option title="css_selector_parser"/>
		<Option makefile_is_custom="1"/>
		<Option compiler="gcc"/>
		<Option virtualFolders="CMake Files\;"/>
		<Build>
			<Target title="all">
				<Option working_dir="/home/sergey/Programming/C/strings/css_selector_parser"/>
				<Option type="4"/>
				<MakeCommands>
					<Build command="/usr/bin/make -j4 -f &quot;/home/sergey/Programming/C/strings/css_selector_parser/Makefile&quot;  VERBOSE=1 all"/>
					<CompileFile command="/usr/bin/make -j4 -f &quot;/home/sergey/Programming/C/strings/css_selector_parser/Makefile&quot;  VERBOSE=1 &quot;$file&quot;"/>
					<Clean command="/usr/bin/make -j4 -f &quot;/home/sergey/Programming/C/strings/css_selector_parser/Makefile&quot;  VERBOSE=1 clean"/>
					<DistClean command="/usr/bin/make -j4 -f &quot;/home/sergey/Programming/C/strings/css_selector_parser/Makefile&quot;  VERBOSE=1 clean"/>
				</MakeCommands>
			</Target>
			<Target title="rebuild_cache">
				<Option working_dir="/home/sergey/Programming/C/strings/css_selector_parser"/>
				<Option type="4"/>
				<MakeCommands>
					<Build command="/usr/bin/make -j4 -f &quot;/home/sergey/Programming/C/strings/css_selector_parser/Makefile&quot;  VERBOSE=1 rebuild_cache"/>
					<CompileFile command="/usr/bin/make -j4 -f &quot;/home/sergey/Programming/C/strings/css_selector_parser/Makefile&quot;  VERBOSE=1 &quot;$file&quot;"/>
					<Clean command="/usr/bin/make -j4 -f &quot;/home/sergey/Programming/C/strings/css_selector_parser/Makefile&quot;  VERBOSE=1 clean"/>
					<DistClean command="/usr/bin/make -j4 -f &quot;/home/sergey/Programming/C/strings/css_selector_parser/Makefile&quot;  VERBOSE=1 clean"/>
				</MakeCommands>
			</Target>
			<Target title="edit_cache">
				<Option working_dir="/home/sergey/Programming/C/strings/css_selector_parser"/>
				<Option type="4"/>
				<MakeCommands>
					<Build command="/usr/bin/make -j4 -f &quot;/home/sergey/Programming/C/strings/css_selector_parser/Makefile&quot;  VERBOSE=1 edit_cache"/>
					<CompileFile command="/usr/bin/make -j4 -f &quot;/home/sergey/Programming/C/strings/css_selector_parser/Makefile&quot;  VERBOSE=1 &quot;$file&quot;"/>
					<Clean command="/usr/bin/make -j4 -f &quot;/home/sergey/Programming/C/strings/css_selector_parser/Makefile&quot;  VERBOSE=1 clean"/>
					<DistClean command="/usr/bin/make -j4 -f &quot;/home/sergey/Programming/C/strings/css_selector_parser/Makefile&quot;  VERBOSE=1 clean"/>
				</MakeCommands>
			</Target>
			<Target title="css_selector_parser">
				<Option output="/home/sergey/Programming/C/strings/css_selector_parser/css_selector_parser" prefix_auto="0" extension_auto="0"/>
				<Option working_dir="/home/sergey/Programming/C/strings/css_selector_parser"/>
				<Option object_output="./"/>
				<Option type="1"/>
				<Option compiler="gcc"/>
				<Compiler>
					<Add directory="/usr/lib/gcc/x86_64-linux-gnu/9/include"/>
					<Add directory="/usr/local/include"/>
					<Add directory="/usr/include/x86_64-linux-gnu"/>
					<Add directory="/usr/include"/>
				</Compiler>
				<MakeCommands>
					<Build command="/usr/bin/make -j4 -f &quot;/home/sergey/Programming/C/strings/css_selector_parser/Makefile&quot;  VERBOSE=1 css_selector_parser"/>
					<CompileFile command="/usr/bin/make -j4 -f &quot;/home/sergey/Programming/C/strings/css_selector_parser/Makefile&quot;  VERBOSE=1 &quot;$file&quot;"/>
					<Clean command="/usr/bin/make -j4 -f &quot;/home/sergey/Programming/C/strings/css_selector_parser/Makefile&quot;  VERBOSE=1 clean"/>
					<DistClean command="/usr/bin/make -j4 -f &quot;/home/sergey/Programming/C/strings/css_selector_parser/Makefile&quot;  VERBOSE=1 clean"/>
				</MakeCommands>
			</Target>
			<Target title="css_selector_parser/fast">
				<Option output="/home/sergey/Programming/C/strings/css_selector_parser/css_selector_parser" prefix_auto="0" extension_auto="0"/>
				<Option working_dir="/home/sergey/Programming/C/strings/css_selector_parser"/>
				<Option object_output="./"/>
				<Option type="1"/>
				<Option compiler="gcc"/>
				<Compiler>
					<Add directory="/usr/lib/gcc/x86_64-linux-gnu/9/include"/>
					<Add directory="/usr/local/include"/>
					<Add directory="/usr/include/x86_64-linux-gnu"/>
					<Add directory="/usr/include"/>
				</Compiler>
				<MakeCommands>
					<Build command="/usr/bin/make -j4 -f &quot;/home/sergey/Programming/C/strings/css_selector_parser/Makefile&quot;  VERBOSE=1 css_selector_parser/fast"/>
					<CompileFile command="/usr/bin/make -j4 -f &quot;/home/sergey/Programming/C/strings/css_selector_parser/Makefile&quot;  VERBOSE=1 &quot;$file&quot;"/>
					<Clean command="/usr/bin/make -j4 -f &quot;/home/sergey/Programming/C/strings/css_selector_parser/Makefile&quot;  VERBOSE=1 clean"/>
					<DistClean command="/usr/bin/make -j4 -f &quot;/home/sergey/Programming/C/strings/css_selector_parser/Makefile&quot;  VERBOSE=1 clean"/>
				</MakeCommands>
			</Target>
		</Build>
		<Unit filename="/home/sergey/Programming/C/strings/css_selector_parser/src/parser.c">
			<Option target="css_selector_parser"/>
		</Unit>
		<Unit filename="/home/sergey/Programming/C/strings/css_selector_parser/src/parser.h">
			<Option target="css_selector_parser"/>
		</Unit>
		<Unit filename="/home/sergey/Programming/C/strings/css_selector_parser/src/selector.c">
			<Option target="css_selector_parser"/>
		</Unit>
		<Unit filename="/home/sergey/Programming/C/strings/css_selector_parser/src/selector.h">
			<Option target="css_selector_parser"/>
		</Unit>
		<Unit filename="/home/sergey/Programming/C/strings/css_selector_parser/src/tests/parser_test.c">
			<Option target="css_selector_parser"/>
		</Unit>
		<Unit filename="/home/sergey/Programming/C/strings/dynamic_string/dynamic_string.c">
			<Option target="css_selector_parser"/>
		</Unit>
		<Unit filename="/home/sergey/Programming/C/strings/dynamic_string/dynamic_string.h">
			<Option target="css_selector_parser"/>
		</Unit>
		<Unit filename="/home/sergey/Programming/C/strings/css_selector_parser/CMakeLists.txt">
			<Option virtualFolder="CMake Files\"/>
		</Unit>
	</Project>
</CodeBlocks_project_file>
